
Microsoft Visual Studio Solution File, Format Version 12.00
# Visual Studio Version 17
VisualStudioVersion = 17.2.32616.157
MinimumVisualStudioVersion = 10.0.40219.1
Project("{9A19103F-16F7-4668-BE54-9A1E7A4F7556}") = "ChromiumLauncher", "ChromiumLauncher\ChromiumLauncher.csproj", "{1A85228C-F342-4A36-A11A-CE9A97C5FEDD}"
EndProject
Project("{9A19103F-16F7-4668-BE54-9A1E7A4F7556}") = "ProcessArguments", "ProcessArguments\ProcessArguments\ProcessArguments.csproj", "{85BF273D-44C8-4521-88DF-204CCD69B3EA}"
EndProject
Global
	GlobalSection(SolutionConfigurationPlatforms) = preSolution
		Debug|Any CPU = Debug|Any CPU
		Release|Any CPU = Release|Any CPU
	EndGlobalSection
	GlobalSection(ProjectConfigurationPlatforms) = postSolution
		{1A85228C-F342-4A36-A11A-CE9A97C5FEDD}.Debug|Any CPU.ActiveCfg = Debug|Any CPU
		{1A85228C-F342-4A36-A11A-CE9A97C5FEDD}.Debug|Any CPU.Build.0 = Debug|Any CPU
		{1A85228C-F342-4A36-A11A-CE9A97C5FEDD}.Release|Any CPU.ActiveCfg = Release|Any CPU
		{1A85228C-F342-4A36-A11A-CE9A97C5FEDD}.Release|Any CPU.Build.0 = Release|Any CPU
		{85BF273D-44C8-4521-88DF-204CCD69B3EA}.Debug|Any CPU.ActiveCfg = Debug|Any CPU
		{85BF273D-44C8-4521-88DF-204CCD69B3EA}.Debug|Any CPU.Build.0 = Debug|Any CPU
		{85BF273D-44C8-4521-88DF-204CCD69B3EA}.Release|Any CPU.ActiveCfg = Release|Any CPU
		{85BF273D-44C8-4521-88DF-204CCD69B3EA}.Release|Any CPU.Build.0 = Release|Any CPU
	EndGlobalSection
	GlobalSection(SolutionProperties) = preSolution
		HideSolutionNode = FALSE
	EndGlobalSection
	GlobalSection(ExtensibilityGlobals) = postSolution
		SolutionGuid = {7F64A0C5-C68F-4020-8826-7E5455B5991C}
	EndGlobalSection
EndGlobal
